
Microsoft Visual Studio Solution File, Format Version 12.00
# Visual Studio Version 17
VisualStudioVersion = 17.2.32630.192
MinimumVisualStudioVersion = 10.0.40219.1
Project("{FAE04EC0-301F-11D3-BF4B-00C04F79EFBC}") = "VibrationDemo.UWP", "VibrationDemo\VibrationDemo.UWP\VibrationDemo.UWP.csproj", "{70B2B1A2-6ADC-40C0-8B84-0DCFDD50239F}"
EndProject
Project("{FAE04EC0-301F-11D3-BF4B-00C04F79EFBC}") = "VibrationDemo.Android", "VibrationDemo\VibrationDemo.Android\VibrationDemo.Android.csproj", "{E5FEF45C-FD25-43B1-A1B2-4519C9FDD5F4}"
EndProject
Project("{FAE04EC0-301F-11D3-BF4B-00C04F79EFBC}") = "VibrationDemo.iOS", "VibrationDemo\VibrationDemo.iOS\VibrationDemo.iOS.csproj", "{9A165A37-F2A4-4863-B7CA-B96AFD49D2AD}"
EndProject
Project("{FAE04EC0-301F-11D3-BF4B-00C04F79EFBC}") = "VibrationDemo", "VibrationDemo\VibrationDemo\VibrationDemo.csproj", "{DB56AAE6-9E29-498B-9258-51A0F028F802}"
EndProject
Global
	GlobalSection(SolutionConfigurationPlatforms) = preSolution
		Debug|Any CPU = Debug|Any CPU
		Debug|ARM = Debug|ARM
		Debug|iPhone = Debug|iPhone
		Debug|iPhoneSimulator = Debug|iPhoneSimulator
		Debug|x64 = Debug|x64
		Debug|x86 = Debug|x86
		Release|Any CPU = Release|Any CPU
		Release|ARM = Release|ARM
		Release|iPhone = Release|iPhone
		Release|iPhoneSimulator = Release|iPhoneSimulator
		Release|x64 = Release|x64
		Release|x86 = Release|x86
	EndGlobalSection
	GlobalSection(ProjectConfigurationPlatforms) = postSolution
		{70B2B1A2-6ADC-40C0-8B84-0DCFDD50239F}.Debug|Any CPU.ActiveCfg = Debug|x64
		{70B2B1A2-6ADC-40C0-8B84-0DCFDD50239F}.Debug|Any CPU.Build.0 = Debug|x64
		{70B2B1A2-6ADC-40C0-8B84-0DCFDD50239F}.Debug|Any CPU.Deploy.0 = Debug|x64
		{70B2B1A2-6ADC-40C0-8B84-0DCFDD50239F}.Debug|ARM.ActiveCfg = Debug|ARM
		{70B2B1A2-6ADC-40C0-8B84-0DCFDD50239F}.Debug|ARM.Build.0 = Debug|ARM
		{70B2B1A2-6ADC-40C0-8B84-0DCFDD50239F}.Debug|ARM.Deploy.0 = Debug|ARM
		{70B2B1A2-6ADC-40C0-8B84-0DCFDD50239F}.Debug|iPhone.ActiveCfg = Debug|x64
		{70B2B1A2-6ADC-40C0-8B84-0DCFDD50239F}.Debug|iPhone.Build.0 = Debug|x64
		{70B2B1A2-6ADC-40C0-8B84-0DCFDD50239F}.Debug|iPhone.Deploy.0 = Debug|x64
		{70B2B1A2-6ADC-40C0-8B84-0DCFDD50239F}.Debug|iPhoneSimulator.ActiveCfg = Debug|x64
		{70B2B1A2-6ADC-40C0-8B84-0DCFDD50239F}.Debug|iPhoneSimulator.Build.0 = Debug|x64
		{70B2B1A2-6ADC-40C0-8B84-0DCFDD50239F}.Debug|iPhoneSimulator.Deploy.0 = Debug|x64
		{70B2B1A2-6ADC-40C0-8B84-0DCFDD50239F}.Debug|x64.ActiveCfg = Debug|x64
		{70B2B1A2-6ADC-40C0-8B84-0DCFDD50239F}.Debug|x64.Build.0 = Debug|x64
		{70B2B1A2-6ADC-40C0-8B84-0DCFDD50239F}.Debug|x64.Deploy.0 = Debug|x64
		{70B2B1A2-6ADC-40C0-8B84-0DCFDD50239F}.Debug|x86.ActiveCfg = Debug|x86
		{70B2B1A2-6ADC-40C0-8B84-0DCFDD50239F}.Debug|x86.Build.0 = Debug|x86
		{70B2B1A2-6ADC-40C0-8B84-0DCFDD50239F}.Debug|x86.Deploy.0 = Debug|x86
		{70B2B1A2-6ADC-40C0-8B84-0DCFDD50239F}.Release|Any CPU.ActiveCfg = Release|x64
		{70B2B1A2-6ADC-40C0-8B84-0DCFDD50239F}.Release|Any CPU.Build.0 = Release|x64
		{70B2B1A2-6ADC-40C0-8B84-0DCFDD50239F}.Release|Any CPU.Deploy.0 = Release|x64
		{70B2B1A2-6ADC-40C0-8B84-0DCFDD50239F}.Release|ARM.ActiveCfg = Release|ARM
		{70B2B1A2-6ADC-40C0-8B84-0DCFDD50239F}.Release|ARM.Build.0 = Release|ARM
		{70B2B1A2-6ADC-40C0-8B84-0DCFDD50239F}.Release|ARM.Deploy.0 = Release|ARM
		{70B2B1A2-6ADC-40C0-8B84-0DCFDD50239F}.Release|iPhone.ActiveCfg = Release|x64
		{70B2B1A2-6ADC-40C0-8B84-0DCFDD50239F}.Release|iPhone.Build.0 = Release|x64
		{70B2B1A2-6ADC-40C0-8B84-0DCFDD50239F}.Release|iPhone.Deploy.0 = Release|x64
		{70B2B1A2-6ADC-40C0-8B84-0DCFDD50239F}.Release|iPhoneSimulator.ActiveCfg = Release|x64
		{70B2B1A2-6ADC-40C0-8B84-0DCFDD50239F}.Release|iPhoneSimulator.Build.0 = Release|x64
		{70B2B1A2-6ADC-40C0-8B84-0DCFDD50239F}.Release|iPhoneSimulator.Deploy.0 = Release|x64
		{70B2B1A2-6ADC-40C0-8B84-0DCFDD50239F}.Release|x64.ActiveCfg = Release|x64
		{70B2B1A2-6ADC-40C0-8B84-0DCFDD50239F}.Release|x64.Build.0 = Release|x64
		{70B2B1A2-6ADC-40C0-8B84-0DCFDD50239F}.Release|x64.Deploy.0 = Release|x64
		{70B2B1A2-6ADC-40C0-8B84-0DCFDD50239F}.Release|x86.ActiveCfg = Release|x86
		{70B2B1A2-6ADC-40C0-8B84-0DCFDD50239F}.Release|x86.Build.0 = Release|x86
		{70B2B1A2-6ADC-40C0-8B84-0DCFDD50239F}.Release|x86.Deploy.0 = Release|x86
		{E5FEF45C-FD25-43B1-A1B2-4519C9FDD5F4}.Debug|Any CPU.ActiveCfg = Debug|Any CPU
		{E5FEF45C-FD25-43B1-A1B2-4519C9FDD5F4}.Debug|Any CPU.Build.0 = Debug|Any CPU
		{E5FEF45C-FD25-43B1-A1B2-4519C9FDD5F4}.Debug|Any CPU.Deploy.0 = Debug|Any CPU
		{E5FEF45C-FD25-43B1-A1B2-4519C9FDD5F4}.Debug|ARM.ActiveCfg = Debug|Any CPU
		{E5FEF45C-FD25-43B1-A1B2-4519C9FDD5F4}.Debug|ARM.Build.0 = Debug|Any CPU
		{E5FEF45C-FD25-43B1-A1B2-4519C9FDD5F4}.Debug|ARM.Deploy.0 = Debug|Any CPU
		{E5FEF45C-FD25-43B1-A1B2-4519C9FDD5F4}.Debug|iPhone.ActiveCfg = Debug|Any CPU
		{E5FEF45C-FD25-43B1-A1B2-4519C9FDD5F4}.Debug|iPhone.Build.0 = Debug|Any CPU
		{E5FEF45C-FD25-43B1-A1B2-4519C9FDD5F4}.Debug|iPhone.Deploy.0 = Debug|Any CPU
		{E5FEF45C-FD25-43B1-A1B2-4519C9FDD5F4}.Debug|iPhoneSimulator.ActiveCfg = Debug|Any CPU
		{E5FEF45C-FD25-43B1-A1B2-4519C9FDD5F4}.Debug|iPhoneSimulator.Build.0 = Debug|Any CPU
		{E5FEF45C-FD25-43B1-A1B2-4519C9FDD5F4}.Debug|iPhoneSimulator.Deploy.0 = Debug|Any CPU
		{E5FEF45C-FD25-43B1-A1B2-4519C9FDD5F4}.Debug|x64.ActiveCfg = Debug|Any CPU
		{E5FEF45C-FD25-43B1-A1B2-4519C9FDD5F4}.Debug|x64.Build.0 = Debug|Any CPU
		{E5FEF45C-FD25-43B1-A1B2-4519C9FDD5F4}.Debug|x64.Deploy.0 = Debug|Any CPU
		{E5FEF45C-FD25-43B1-A1B2-4519C9FDD5F4}.Debug|x86.ActiveCfg = Debug|Any CPU
		{E5FEF45C-FD25-43B1-A1B2-4519C9FDD5F4}.Debug|x86.Build.0 = Debug|Any CPU
		{E5FEF45C-FD25-43B1-A1B2-4519C9FDD5F4}.Debug|x86.Deploy.0 = Debug|Any CPU
		{E5FEF45C-FD25-43B1-A1B2-4519C9FDD5F4}.Release|Any CPU.ActiveCfg = Release|Any CPU
		{E5FEF45C-FD25-43B1-A1B2-4519C9FDD5F4}.Release|Any CPU.Build.0 = Release|Any CPU
		{E5FEF45C-FD25-43B1-A1B2-4519C9FDD5F4}.Release|Any CPU.Deploy.0 = Release|Any CPU
		{E5FEF45C-FD25-43B1-A1B2-4519C9FDD5F4}.Release|ARM.ActiveCfg = Release|Any CPU
		{E5FEF45C-FD25-43B1-A1B2-4519C9FDD5F4}.Release|ARM.Build.0 = Release|Any CPU
		{E5FEF45C-FD25-43B1-A1B2-4519C9FDD5F4}.Release|ARM.Deploy.0 = Release|Any CPU
		{E5FEF45C-FD25-43B1-A1B2-4519C9FDD5F4}.Release|iPhone.ActiveCfg = Release|Any CPU
		{E5FEF45C-FD25-43B1-A1B2-4519C9FDD5F4}.Release|iPhone.Build.0 = Release|Any CPU
		{E5FEF45C-FD25-43B1-A1B2-4519C9FDD5F4}.Release|iPhone.Deploy.0 = Release|Any CPU
		{E5FEF45C-FD25-43B1-A1B2-4519C9FDD5F4}.Release|iPhoneSimulator.ActiveCfg = Release|Any CPU
		{E5FEF45C-FD25-43B1-A1B2-4519C9FDD5F4}.Release|iPhoneSimulator.Build.0 = Release|Any CPU
		{E5FEF45C-FD25-43B1-A1B2-4519C9FDD5F4}.Release|iPhoneSimulator.Deploy.0 = Release|Any CPU
		{E5FEF45C-FD25-43B1-A1B2-4519C9FDD5F4}.Release|x64.ActiveCfg = Release|Any CPU
		{E5FEF45C-FD25-43B1-A1B2-4519C9FDD5F4}.Release|x64.Build.0 = Release|Any CPU
		{E5FEF45C-FD25-43B1-A1B2-4519C9FDD5F4}.Release|x64.Deploy.0 = Release|Any CPU
		{E5FEF45C-FD25-43B1-A1B2-4519C9FDD5F4}.Release|x86.ActiveCfg = Release|Any CPU
		{E5FEF45C-FD25-43B1-A1B2-4519C9FDD5F4}.Release|x86.Build.0 = Release|Any CPU
		{E5FEF45C-FD25-43B1-A1B2-4519C9FDD5F4}.Release|x86.Deploy.0 = Release|Any CPU
		{9A165A37-F2A4-4863-B7CA-B96AFD49D2AD}.Debug|Any CPU.ActiveCfg = Debug|iPhoneSimulator
		{9A165A37-F2A4-4863-B7CA-B96AFD49D2AD}.Debug|Any CPU.Build.0 = Debug|iPhoneSimulator
		{9A165A37-F2A4-4863-B7CA-B96AFD49D2AD}.Debug|Any CPU.Deploy.0 = Debug|iPhoneSimulator
		{9A165A37-F2A4-4863-B7CA-B96AFD49D2AD}.Debug|ARM.ActiveCfg = Debug|iPhoneSimulator
		{9A165A37-F2A4-4863-B7CA-B96AFD49D2AD}.Debug|ARM.Build.0 = Debug|iPhoneSimulator
		{9A165A37-F2A4-4863-B7CA-B96AFD49D2AD}.Debug|ARM.Deploy.0 = Debug|iPhoneSimulator
		{9A165A37-F2A4-4863-B7CA-B96AFD49D2AD}.Debug|iPhone.ActiveCfg = Debug|iPhone
		{9A165A37-F2A4-4863-B7CA-B96AFD49D2AD}.Debug|iPhone.Build.0 = Debug|iPhone
		{9A165A37-F2A4-4863-B7CA-B96AFD49D2AD}.Debug|iPhone.Deploy.0 = Debug|iPhone
		{9A165A37-F2A4-4863-B7CA-B96AFD49D2AD}.Debug|iPhoneSimulator.ActiveCfg = Debug|iPhoneSimulator
		{9A165A37-F2A4-4863-B7CA-B96AFD49D2AD}.Debug|iPhoneSimulator.Build.0 = Debug|iPhoneSimulator
		{9A165A37-F2A4-4863-B7CA-B96AFD49D2AD}.Debug|iPhoneSimulator.Deploy.0 = Debug|iPhoneSimulator
		{9A165A37-F2A4-4863-B7CA-B96AFD49D2AD}.Debug|x64.ActiveCfg = Debug|iPhone
		{9A165A37-F2A4-4863-B7CA-B96AFD49D2AD}.Debug|x64.Build.0 = Debug|iPhone
		{9A165A37-F2A4-4863-B7CA-B96AFD49D2AD}.Debug|x64.Deploy.0 = Debug|iPhone
		{9A165A37-F2A4-4863-B7CA-B96AFD49D2AD}.Debug|x86.ActiveCfg = Debug|iPhoneSimulator
		{9A165A37-F2A4-4863-B7CA-B96AFD49D2AD}.Debug|x86.Build.0 = Debug|iPhoneSimulator
		{9A165A37-F2A4-4863-B7CA-B96AFD49D2AD}.Debug|x86.Deploy.0 = Debug|iPhoneSimulator
		{9A165A37-F2A4-4863-B7CA-B96AFD49D2AD}.Release|Any CPU.ActiveCfg = Release|iPhoneSimulator
		{9A165A37-F2A4-4863-B7CA-B96AFD49D2AD}.Release|Any CPU.Build.0 = Release|iPhoneSimulator
		{9A165A37-F2A4-4863-B7CA-B96AFD49D2AD}.Release|Any CPU.Deploy.0 = Release|iPhoneSimulator
		{9A165A37-F2A4-4863-B7CA-B96AFD49D2AD}.Release|ARM.ActiveCfg = Release|iPhoneSimulator
		{9A165A37-F2A4-4863-B7CA-B96AFD49D2AD}.Release|ARM.Build.0 = Release|iPhoneSimulator
		{9A165A37-F2A4-4863-B7CA-B96AFD49D2AD}.Release|ARM.Deploy.0 = Release|iPhoneSimulator
		{9A165A37-F2A4-4863-B7CA-B96AFD49D2AD}.Release|iPhone.ActiveCfg = Release|iPhone
		{9A165A37-F2A4-4863-B7CA-B96AFD49D2AD}.Release|iPhone.Build.0 = Release|iPhone
		{9A165A37-F2A4-4863-B7CA-B96AFD49D2AD}.Release|iPhone.Deploy.0 = Release|iPhone
		{9A165A37-F2A4-4863-B7CA-B96AFD49D2AD}.Release|iPhoneSimulator.ActiveCfg = Release|iPhoneSimulator
		{9A165A37-F2A4-4863-B7CA-B96AFD49D2AD}.Release|iPhoneSimulator.Build.0 = Release|iPhoneSimulator
		{9A165A37-F2A4-4863-B7CA-B96AFD49D2AD}.Release|iPhoneSimulator.Deploy.0 = Release|iPhoneSimulator
		{9A165A37-F2A4-4863-B7CA-B96AFD49D2AD}.Release|x64.ActiveCfg = Release|iPhoneSimulator
		{9A165A37-F2A4-4863-B7CA-B96AFD49D2AD}.Release|x64.Build.0 = Release|iPhoneSimulator
		{9A165A37-F2A4-4863-B7CA-B96AFD49D2AD}.Release|x64.Deploy.0 = Release|iPhoneSimulator
		{9A165A37-F2A4-4863-B7CA-B96AFD49D2AD}.Release|x86.ActiveCfg = Release|iPhoneSimulator
		{9A165A37-F2A4-4863-B7CA-B96AFD49D2AD}.Release|x86.Build.0 = Release|iPhoneSimulator
		{9A165A37-F2A4-4863-B7CA-B96AFD49D2AD}.Release|x86.Deploy.0 = Release|iPhoneSimulator
		{DB56AAE6-9E29-498B-9258-51A0F028F802}.Debug|Any CPU.ActiveCfg = Debug|Any CPU
		{DB56AAE6-9E29-498B-9258-51A0F028F802}.Debug|Any CPU.Build.0 = Debug|Any CPU
		{DB56AAE6-9E29-498B-9258-51A0F028F802}.Debug|Any CPU.Deploy.0 = Debug|Any CPU
		{DB56AAE6-9E29-498B-9258-51A0F028F802}.Debug|ARM.ActiveCfg = Debug|Any CPU
		{DB56AAE6-9E29-498B-9258-51A0F028F802}.Debug|ARM.Build.0 = Debug|Any CPU
		{DB56AAE6-9E29-498B-9258-51A0F028F802}.Debug|ARM.Deploy.0 = Debug|Any CPU
		{DB56AAE6-9E29-498B-9258-51A0F028F802}.Debug|iPhone.ActiveCfg = Debug|Any CPU
		{DB56AAE6-9E29-498B-9258-51A0F028F802}.Debug|iPhone.Build.0 = Debug|Any CPU
		{DB56AAE6-9E29-498B-9258-51A0F028F802}.Debug|iPhone.Deploy.0 = Debug|Any CPU
		{DB56AAE6-9E29-498B-9258-51A0F028F802}.Debug|iPhoneSimulator.ActiveCfg = Debug|Any CPU
		{DB56AAE6-9E29-498B-9258-51A0F028F802}.Debug|iPhoneSimulator.Build.0 = Debug|Any CPU
		{DB56AAE6-9E29-498B-9258-51A0F028F802}.Debug|iPhoneSimulator.Deploy.0 = Debug|Any CPU
		{DB56AAE6-9E29-498B-9258-51A0F028F802}.Debug|x64.ActiveCfg = Debug|Any CPU
		{DB56AAE6-9E29-498B-9258-51A0F028F802}.Debug|x64.Build.0 = Debug|Any CPU
		{DB56AAE6-9E29-498B-9258-51A0F028F802}.Debug|x64.Deploy.0 = Debug|Any CPU
		{DB56AAE6-9E29-498B-9258-51A0F028F802}.Debug|x86.ActiveCfg = Debug|Any CPU
		{DB56AAE6-9E29-498B-9258-51A0F028F802}.Debug|x86.Build.0 = Debug|Any CPU
		{DB56AAE6-9E29-498B-9258-51A0F028F802}.Debug|x86.Deploy.0 = Debug|Any CPU
		{DB56AAE6-9E29-498B-9258-51A0F028F802}.Release|Any CPU.ActiveCfg = Release|Any CPU
		{DB56AAE6-9E29-498B-9258-51A0F028F802}.Release|Any CPU.Build.0 = Release|Any CPU
		{DB56AAE6-9E29-498B-9258-51A0F028F802}.Release|Any CPU.Deploy.0 = Release|Any CPU
		{DB56AAE6-9E29-498B-9258-51A0F028F802}.Release|ARM.ActiveCfg = Release|Any CPU
		{DB56AAE6-9E29-498B-9258-51A0F028F802}.Release|ARM.Build.0 = Release|Any CPU
		{DB56AAE6-9E29-498B-9258-51A0F028F802}.Release|ARM.Deploy.0 = Release|Any CPU
		{DB56AAE6-9E29-498B-9258-51A0F028F802}.Release|iPhone.ActiveCfg = Release|Any CPU
		{DB56AAE6-9E29-498B-9258-51A0F028F802}.Release|iPhone.Build.0 = Release|Any CPU
		{DB56AAE6-9E29-498B-9258-51A0F028F802}.Release|iPhone.Deploy.0 = Release|Any CPU
		{DB56AAE6-9E29-498B-9258-51A0F028F802}.Release|iPhoneSimulator.ActiveCfg = Release|Any CPU
		{DB56AAE6-9E29-498B-9258-51A0F028F802}.Release|iPhoneSimulator.Build.0 = Release|Any CPU
		{DB56AAE6-9E29-498B-9258-51A0F028F802}.Release|iPhoneSimulator.Deploy.0 = Release|Any CPU
		{DB56AAE6-9E29-498B-9258-51A0F028F802}.Release|x64.ActiveCfg = Release|Any CPU
		{DB56AAE6-9E29-498B-9258-51A0F028F802}.Release|x64.Build.0 = Release|Any CPU
		{DB56AAE6-9E29-498B-9258-51A0F028F802}.Release|x64.Deploy.0 = Release|Any CPU
		{DB56AAE6-9E29-498B-9258-51A0F028F802}.Release|x86.ActiveCfg = Release|Any CPU
		{DB56AAE6-9E29-498B-9258-51A0F028F802}.Release|x86.Build.0 = Release|Any CPU
		{DB56AAE6-9E29-498B-9258-51A0F028F802}.Release|x86.Deploy.0 = Release|Any CPU
	EndGlobalSection
	GlobalSection(SolutionProperties) = preSolution
		HideSolutionNode = FALSE
	EndGlobalSection
	GlobalSection(ExtensibilityGlobals) = postSolution
		SolutionGuid = {F4918215-AECC-498D-98F0-E9323E03196B}
	EndGlobalSection
EndGlobal
